// !$*UTF8*$!
{
	archiveVersion = 1;
	classes = {
	};
	objectVersion = 56;
	objects = {

/* Begin PBXBuildFile section */
		405A03E16687C553B49FF2F5 /* Pods_SaryTask.framework in Frameworks */ = {isa = PBXBuildFile; fileRef = 7746CBD09B30126A10962DD8 /* Pods_SaryTask.framework */; };
		44D889D92A19630700C20336 /* AppDelegate.swift in Sources */ = {isa = PBXBuildFile; fileRef = 44D889D82A19630700C20336 /* AppDelegate.swift */; };
		44D889DD2A19630700C20336 /* CatalogViewController.swift in Sources */ = {isa = PBXBuildFile; fileRef = 44D889DC2A19630700C20336 /* CatalogViewController.swift */; };
		44D889E22A19630900C20336 /* Assets.xcassets in Resources */ = {isa = PBXBuildFile; fileRef = 44D889E12A19630900C20336 /* Assets.xcassets */; };
		44D889E52A19630900C20336 /* LaunchScreen.storyboard in Resources */ = {isa = PBXBuildFile; fileRef = 44D889E32A19630900C20336 /* LaunchScreen.storyboard */; };
		44D889F02A19630900C20336 /* SaryTaskTests.swift in Sources */ = {isa = PBXBuildFile; fileRef = 44D889EF2A19630900C20336 /* SaryTaskTests.swift */; };
		44D889FA2A19630900C20336 /* SaryTaskUITests.swift in Sources */ = {isa = PBXBuildFile; fileRef = 44D889F92A19630900C20336 /* SaryTaskUITests.swift */; };
		44D889FC2A19630900C20336 /* SaryTaskUITestsLaunchTests.swift in Sources */ = {isa = PBXBuildFile; fileRef = 44D889FB2A19630900C20336 /* SaryTaskUITestsLaunchTests.swift */; };
		44D88A0A2A19684A00C20336 /* EndpointProtocol.swift in Sources */ = {isa = PBXBuildFile; fileRef = 44D88A092A19684A00C20336 /* EndpointProtocol.swift */; };
		44D88A0C2A1968A300C20336 /* DataSourceProtocol.swift in Sources */ = {isa = PBXBuildFile; fileRef = 44D88A0B2A1968A300C20336 /* DataSourceProtocol.swift */; };
		44D88A0E2A1968F800C20336 /* RemoteDataSource.swift in Sources */ = {isa = PBXBuildFile; fileRef = 44D88A0D2A1968F800C20336 /* RemoteDataSource.swift */; };
		44D88A112A196AA200C20336 /* RestService.swift in Sources */ = {isa = PBXBuildFile; fileRef = 44D88A102A196AA200C20336 /* RestService.swift */; };
		44D88A162A196F4100C20336 /* BaseRepo.swift in Sources */ = {isa = PBXBuildFile; fileRef = 44D88A152A196F4100C20336 /* BaseRepo.swift */; };
		44D88A192A1971F200C20336 /* CatalogRepo.swift in Sources */ = {isa = PBXBuildFile; fileRef = 44D88A182A1971F200C20336 /* CatalogRepo.swift */; };
		44D88A1C2A19729700C20336 /* CatalogEndpoints.swift in Sources */ = {isa = PBXBuildFile; fileRef = 44D88A1B2A19729700C20336 /* CatalogEndpoints.swift */; };
		44D88A1E2A19748A00C20336 /* Decoder.swift in Sources */ = {isa = PBXBuildFile; fileRef = 44D88A1D2A19748A00C20336 /* Decoder.swift */; };
		44D88A212A19768F00C20336 /* Banner.swift in Sources */ = {isa = PBXBuildFile; fileRef = 44D88A202A19768F00C20336 /* Banner.swift */; };
		44D88A232A197F7D00C20336 /* CatalogViewController.storyboard in Resources */ = {isa = PBXBuildFile; fileRef = 44D88A222A197F7D00C20336 /* CatalogViewController.storyboard */; };
		44D88A272A19844200C20336 /* BannerView.swift in Sources */ = {isa = PBXBuildFile; fileRef = 44D88A262A19844200C20336 /* BannerView.swift */; };
		44D88A292A19847400C20336 /* BannerView.xib in Resources */ = {isa = PBXBuildFile; fileRef = 44D88A282A19847400C20336 /* BannerView.xib */; };
		44D88A2B2A198A6D00C20336 /* CatalogViewModel.swift in Sources */ = {isa = PBXBuildFile; fileRef = 44D88A2A2A198A6D00C20336 /* CatalogViewModel.swift */; };
		44D88A2D2A19931300C20336 /* BannerCollectionViewCell.swift in Sources */ = {isa = PBXBuildFile; fileRef = 44D88A2C2A19931300C20336 /* BannerCollectionViewCell.swift */; };
		44D88A2F2A19932700C20336 /* BannerCollectionViewCell.xib in Resources */ = {isa = PBXBuildFile; fileRef = 44D88A2E2A19932700C20336 /* BannerCollectionViewCell.xib */; };
		44D88A322A19986D00C20336 /* UIView+Nib.swift in Sources */ = {isa = PBXBuildFile; fileRef = 44D88A312A19986D00C20336 /* UIView+Nib.swift */; };
		44D88A352A1A31CA00C20336 /* CatalogUseCase.swift in Sources */ = {isa = PBXBuildFile; fileRef = 44D88A342A1A31CA00C20336 /* CatalogUseCase.swift */; };
		520702F31B17DACC2306B9CC /* Pods_SaryTask_SaryTaskUITests.framework in Frameworks */ = {isa = PBXBuildFile; fileRef = 3BF6D4B47922CEF4FFB37265 /* Pods_SaryTask_SaryTaskUITests.framework */; };
		71850CCC08D923A81C680C7D /* Pods_SaryTaskTests.framework in Frameworks */ = {isa = PBXBuildFile; fileRef = 478E505D8F8A7427B2BDC109 /* Pods_SaryTaskTests.framework */; };
/* End PBXBuildFile section */

/* Begin PBXContainerItemProxy section */
		44D889EC2A19630900C20336 /* PBXContainerItemProxy */ = {
			isa = PBXContainerItemProxy;
			containerPortal = 44D889CD2A19630700C20336 /* Project object */;
			proxyType = 1;
			remoteGlobalIDString = 44D889D42A19630700C20336;
			remoteInfo = SaryTask;
		};
		44D889F62A19630900C20336 /* PBXContainerItemProxy */ = {
			isa = PBXContainerItemProxy;
			containerPortal = 44D889CD2A19630700C20336 /* Project object */;
			proxyType = 1;
			remoteGlobalIDString = 44D889D42A19630700C20336;
			remoteInfo = SaryTask;
		};
/* End PBXContainerItemProxy section */

/* Begin PBXFileReference section */
		13B735CDB450EC46ACE178AB /* Pods-SaryTask-SaryTaskUITests.debug.xcconfig */ = {isa = PBXFileReference; includeInIndex = 1; lastKnownFileType = text.xcconfig; name = "Pods-SaryTask-SaryTaskUITests.debug.xcconfig"; path = "Target Support Files/Pods-SaryTask-SaryTaskUITests/Pods-SaryTask-SaryTaskUITests.debug.xcconfig"; sourceTree = "<group>"; };
		2D7E32F17CFE69A6F5046D33 /* Pods-SaryTaskTests.debug.xcconfig */ = {isa = PBXFileReference; includeInIndex = 1; lastKnownFileType = text.xcconfig; name = "Pods-SaryTaskTests.debug.xcconfig"; path = "Target Support Files/Pods-SaryTaskTests/Pods-SaryTaskTests.debug.xcconfig"; sourceTree = "<group>"; };
		3BF6D4B47922CEF4FFB37265 /* Pods_SaryTask_SaryTaskUITests.framework */ = {isa = PBXFileReference; explicitFileType = wrapper.framework; includeInIndex = 0; path = Pods_SaryTask_SaryTaskUITests.framework; sourceTree = BUILT_PRODUCTS_DIR; };
		44D889D52A19630700C20336 /* SaryTask.app */ = {isa = PBXFileReference; explicitFileType = wrapper.application; includeInIndex = 0; path = SaryTask.app; sourceTree = BUILT_PRODUCTS_DIR; };
		44D889D82A19630700C20336 /* AppDelegate.swift */ = {isa = PBXFileReference; lastKnownFileType = sourcecode.swift; path = AppDelegate.swift; sourceTree = "<group>"; };
		44D889DC2A19630700C20336 /* CatalogViewController.swift */ = {isa = PBXFileReference; lastKnownFileType = sourcecode.swift; path = CatalogViewController.swift; sourceTree = "<group>"; };
		44D889E12A19630900C20336 /* Assets.xcassets */ = {isa = PBXFileReference; lastKnownFileType = folder.assetcatalog; path = Assets.xcassets; sourceTree = "<group>"; };
		44D889E42A19630900C20336 /* Base */ = {isa = PBXFileReference; lastKnownFileType = file.storyboard; name = Base; path = Base.lproj/LaunchScreen.storyboard; sourceTree = "<group>"; };
		44D889E62A19630900C20336 /* Info.plist */ = {isa = PBXFileReference; lastKnownFileType = text.plist.xml; path = Info.plist; sourceTree = "<group>"; };
		44D889EB2A19630900C20336 /* SaryTaskTests.xctest */ = {isa = PBXFileReference; explicitFileType = wrapper.cfbundle; includeInIndex = 0; path = SaryTaskTests.xctest; sourceTree = BUILT_PRODUCTS_DIR; };
		44D889EF2A19630900C20336 /* SaryTaskTests.swift */ = {isa = PBXFileReference; lastKnownFileType = sourcecode.swift; path = SaryTaskTests.swift; sourceTree = "<group>"; };
		44D889F52A19630900C20336 /* SaryTaskUITests.xctest */ = {isa = PBXFileReference; explicitFileType = wrapper.cfbundle; includeInIndex = 0; path = SaryTaskUITests.xctest; sourceTree = BUILT_PRODUCTS_DIR; };
		44D889F92A19630900C20336 /* SaryTaskUITests.swift */ = {isa = PBXFileReference; lastKnownFileType = sourcecode.swift; path = SaryTaskUITests.swift; sourceTree = "<group>"; };
		44D889FB2A19630900C20336 /* SaryTaskUITestsLaunchTests.swift */ = {isa = PBXFileReference; lastKnownFileType = sourcecode.swift; path = SaryTaskUITestsLaunchTests.swift; sourceTree = "<group>"; };
		44D88A092A19684A00C20336 /* EndpointProtocol.swift */ = {isa = PBXFileReference; lastKnownFileType = sourcecode.swift; path = EndpointProtocol.swift; sourceTree = "<group>"; };
		44D88A0B2A1968A300C20336 /* DataSourceProtocol.swift */ = {isa = PBXFileReference; lastKnownFileType = sourcecode.swift; path = DataSourceProtocol.swift; sourceTree = "<group>"; };
		44D88A0D2A1968F800C20336 /* RemoteDataSource.swift */ = {isa = PBXFileReference; lastKnownFileType = sourcecode.swift; path = RemoteDataSource.swift; sourceTree = "<group>"; };
		44D88A102A196AA200C20336 /* RestService.swift */ = {isa = PBXFileReference; lastKnownFileType = sourcecode.swift; path = RestService.swift; sourceTree = "<group>"; };
		44D88A152A196F4100C20336 /* BaseRepo.swift */ = {isa = PBXFileReference; lastKnownFileType = sourcecode.swift; path = BaseRepo.swift; sourceTree = "<group>"; };
		44D88A182A1971F200C20336 /* CatalogRepo.swift */ = {isa = PBXFileReference; lastKnownFileType = sourcecode.swift; path = CatalogRepo.swift; sourceTree = "<group>"; };
		44D88A1B2A19729700C20336 /* CatalogEndpoints.swift */ = {isa = PBXFileReference; lastKnownFileType = sourcecode.swift; path = CatalogEndpoints.swift; sourceTree = "<group>"; };
		44D88A1D2A19748A00C20336 /* Decoder.swift */ = {isa = PBXFileReference; lastKnownFileType = sourcecode.swift; path = Decoder.swift; sourceTree = "<group>"; };
		44D88A202A19768F00C20336 /* Banner.swift */ = {isa = PBXFileReference; lastKnownFileType = sourcecode.swift; path = Banner.swift; sourceTree = "<group>"; };
		44D88A222A197F7D00C20336 /* CatalogViewController.storyboard */ = {isa = PBXFileReference; lastKnownFileType = file.storyboard; path = CatalogViewController.storyboard; sourceTree = "<group>"; };
		44D88A262A19844200C20336 /* BannerView.swift */ = {isa = PBXFileReference; lastKnownFileType = sourcecode.swift; path = BannerView.swift; sourceTree = "<group>"; };
		44D88A282A19847400C20336 /* BannerView.xib */ = {isa = PBXFileReference; lastKnownFileType = file.xib; path = BannerView.xib; sourceTree = "<group>"; };
		44D88A2A2A198A6D00C20336 /* CatalogViewModel.swift */ = {isa = PBXFileReference; lastKnownFileType = sourcecode.swift; path = CatalogViewModel.swift; sourceTree = "<group>"; };
		44D88A2C2A19931300C20336 /* BannerCollectionViewCell.swift */ = {isa = PBXFileReference; lastKnownFileType = sourcecode.swift; path = BannerCollectionViewCell.swift; sourceTree = "<group>"; };
		44D88A2E2A19932700C20336 /* BannerCollectionViewCell.xib */ = {isa = PBXFileReference; lastKnownFileType = file.xib; path = BannerCollectionViewCell.xib; sourceTree = "<group>"; };
		44D88A312A19986D00C20336 /* UIView+Nib.swift */ = {isa = PBXFileReference; lastKnownFileType = sourcecode.swift; path = "UIView+Nib.swift"; sourceTree = "<group>"; };
		44D88A342A1A31CA00C20336 /* CatalogUseCase.swift */ = {isa = PBXFileReference; lastKnownFileType = sourcecode.swift; path = CatalogUseCase.swift; sourceTree = "<group>"; };
		478E505D8F8A7427B2BDC109 /* Pods_SaryTaskTests.framework */ = {isa = PBXFileReference; explicitFileType = wrapper.framework; includeInIndex = 0; path = Pods_SaryTaskTests.framework; sourceTree = BUILT_PRODUCTS_DIR; };
		55DFF090A2D0305F47F3435D /* Pods-SaryTask-SaryTaskUITests.release.xcconfig */ = {isa = PBXFileReference; includeInIndex = 1; lastKnownFileType = text.xcconfig; name = "Pods-SaryTask-SaryTaskUITests.release.xcconfig"; path = "Target Support Files/Pods-SaryTask-SaryTaskUITests/Pods-SaryTask-SaryTaskUITests.release.xcconfig"; sourceTree = "<group>"; };
		7746CBD09B30126A10962DD8 /* Pods_SaryTask.framework */ = {isa = PBXFileReference; explicitFileType = wrapper.framework; includeInIndex = 0; path = Pods_SaryTask.framework; sourceTree = BUILT_PRODUCTS_DIR; };
		7B789007A5DAEEBF9CEF0BA0 /* Pods-SaryTask.debug.xcconfig */ = {isa = PBXFileReference; includeInIndex = 1; lastKnownFileType = text.xcconfig; name = "Pods-SaryTask.debug.xcconfig"; path = "Target Support Files/Pods-SaryTask/Pods-SaryTask.debug.xcconfig"; sourceTree = "<group>"; };
		B5178C0941647E5E30C0C49D /* Pods-SaryTask.release.xcconfig */ = {isa = PBXFileReference; includeInIndex = 1; lastKnownFileType = text.xcconfig; name = "Pods-SaryTask.release.xcconfig"; path = "Target Support Files/Pods-SaryTask/Pods-SaryTask.release.xcconfig"; sourceTree = "<group>"; };
		E02E1DC59002B90270DF8947 /* Pods-SaryTaskTests.release.xcconfig */ = {isa = PBXFileReference; includeInIndex = 1; lastKnownFileType = text.xcconfig; name = "Pods-SaryTaskTests.release.xcconfig"; path = "Target Support Files/Pods-SaryTaskTests/Pods-SaryTaskTests.release.xcconfig"; sourceTree = "<group>"; };
/* End PBXFileReference section */

/* Begin PBXFrameworksBuildPhase section */
		44D889D22A19630700C20336 /* Frameworks */ = {
			isa = PBXFrameworksBuildPhase;
			buildActionMask = 2147483647;
			files = (
				405A03E16687C553B49FF2F5 /* Pods_SaryTask.framework in Frameworks */,
			);
			runOnlyForDeploymentPostprocessing = 0;
		};
		44D889E82A19630900C20336 /* Frameworks */ = {
			isa = PBXFrameworksBuildPhase;
			buildActionMask = 2147483647;
			files = (
				71850CCC08D923A81C680C7D /* Pods_SaryTaskTests.framework in Frameworks */,
			);
			runOnlyForDeploymentPostprocessing = 0;
		};
		44D889F22A19630900C20336 /* Frameworks */ = {
			isa = PBXFrameworksBuildPhase;
			buildActionMask = 2147483647;
			files = (
				520702F31B17DACC2306B9CC /* Pods_SaryTask_SaryTaskUITests.framework in Frameworks */,
			);
			runOnlyForDeploymentPostprocessing = 0;
		};
/* End PBXFrameworksBuildPhase section */

/* Begin PBXGroup section */
		215399A2A6B42F8D1B3496E5 /* Pods */ = {
			isa = PBXGroup;
			children = (
				7B789007A5DAEEBF9CEF0BA0 /* Pods-SaryTask.debug.xcconfig */,
				B5178C0941647E5E30C0C49D /* Pods-SaryTask.release.xcconfig */,
				13B735CDB450EC46ACE178AB /* Pods-SaryTask-SaryTaskUITests.debug.xcconfig */,
				55DFF090A2D0305F47F3435D /* Pods-SaryTask-SaryTaskUITests.release.xcconfig */,
				2D7E32F17CFE69A6F5046D33 /* Pods-SaryTaskTests.debug.xcconfig */,
				E02E1DC59002B90270DF8947 /* Pods-SaryTaskTests.release.xcconfig */,
			);
			path = Pods;
			sourceTree = "<group>";
		};
		44D889CC2A19630700C20336 = {
			isa = PBXGroup;
			children = (
				44D889D72A19630700C20336 /* SaryTask */,
				44D88A1F2A19761600C20336 /* Models */,
				44D88A142A196E3800C20336 /* Repo */,
				44D889EE2A19630900C20336 /* SaryTaskTests */,
				44D889F82A19630900C20336 /* SaryTaskUITests */,
				44D889D62A19630700C20336 /* Products */,
				215399A2A6B42F8D1B3496E5 /* Pods */,
				59B4903F799C50005514E3C0 /* Frameworks */,
			);
			sourceTree = "<group>";
		};
		44D889D62A19630700C20336 /* Products */ = {
			isa = PBXGroup;
			children = (
				44D889D52A19630700C20336 /* SaryTask.app */,
				44D889EB2A19630900C20336 /* SaryTaskTests.xctest */,
				44D889F52A19630900C20336 /* SaryTaskUITests.xctest */,
			);
			name = Products;
			sourceTree = "<group>";
		};
		44D889D72A19630700C20336 /* SaryTask */ = {
			isa = PBXGroup;
			children = (
				44D88A332A1A31BC00C20336 /* UseCases */,
				44D88A302A19985D00C20336 /* Extensions */,
				44D88A242A19805100C20336 /* Catalog */,
				44D889D82A19630700C20336 /* AppDelegate.swift */,
				44D889E12A19630900C20336 /* Assets.xcassets */,
				44D889E32A19630900C20336 /* LaunchScreen.storyboard */,
				44D889E62A19630900C20336 /* Info.plist */,
				44D88A1A2A19728300C20336 /* APIs */,
				44D88A082A19682100C20336 /* CoreNetworking */,
			);
			path = SaryTask;
			sourceTree = "<group>";
		};
		44D889EE2A19630900C20336 /* SaryTaskTests */ = {
			isa = PBXGroup;
			children = (
				44D889EF2A19630900C20336 /* SaryTaskTests.swift */,
			);
			path = SaryTaskTests;
			sourceTree = "<group>";
		};
		44D889F82A19630900C20336 /* SaryTaskUITests */ = {
			isa = PBXGroup;
			children = (
				44D889F92A19630900C20336 /* SaryTaskUITests.swift */,
				44D889FB2A19630900C20336 /* SaryTaskUITestsLaunchTests.swift */,
			);
			path = SaryTaskUITests;
			sourceTree = "<group>";
		};
		44D88A082A19682100C20336 /* CoreNetworking */ = {
			isa = PBXGroup;
			children = (
				44D88A092A19684A00C20336 /* EndpointProtocol.swift */,
				44D88A102A196AA200C20336 /* RestService.swift */,
				44D88A1D2A19748A00C20336 /* Decoder.swift */,
			);
			path = CoreNetworking;
			sourceTree = "<group>";
		};
		44D88A142A196E3800C20336 /* Repo */ = {
			isa = PBXGroup;
			children = (
				44D88A0D2A1968F800C20336 /* RemoteDataSource.swift */,
				44D88A0B2A1968A300C20336 /* DataSourceProtocol.swift */,
				44D88A152A196F4100C20336 /* BaseRepo.swift */,
				44D88A182A1971F200C20336 /* CatalogRepo.swift */,
			);
			path = Repo;
			sourceTree = "<group>";
		};
		44D88A1A2A19728300C20336 /* APIs */ = {
			isa = PBXGroup;
			children = (
				44D88A1B2A19729700C20336 /* CatalogEndpoints.swift */,
			);
			path = APIs;
			sourceTree = "<group>";
		};
		44D88A1F2A19761600C20336 /* Models */ = {
			isa = PBXGroup;
			children = (
				44D88A202A19768F00C20336 /* Banner.swift */,
			);
			path = Models;
			sourceTree = "<group>";
		};
		44D88A242A19805100C20336 /* Catalog */ = {
			isa = PBXGroup;
			children = (
				44D88A252A19843700C20336 /* Views */,
				44D889DC2A19630700C20336 /* CatalogViewController.swift */,
				44D88A222A197F7D00C20336 /* CatalogViewController.storyboard */,
				44D88A2A2A198A6D00C20336 /* CatalogViewModel.swift */,
			);
			path = Catalog;
			sourceTree = "<group>";
		};
		44D88A252A19843700C20336 /* Views */ = {
			isa = PBXGroup;
			children = (
				44D88A372A1A3F4200C20336 /* Catalog Items */,
				44D88A362A1A3F3200C20336 /* Banners */,
			);
			path = Views;
			sourceTree = "<group>";
		};
		44D88A302A19985D00C20336 /* Extensions */ = {
			isa = PBXGroup;
			children = (
				44D88A312A19986D00C20336 /* UIView+Nib.swift */,
			);
			path = Extensions;
			sourceTree = "<group>";
		};
		44D88A332A1A31BC00C20336 /* UseCases */ = {
			isa = PBXGroup;
			children = (
				44D88A342A1A31CA00C20336 /* CatalogUseCase.swift */,
			);
			path = UseCases;
			sourceTree = "<group>";
		};
		44D88A362A1A3F3200C20336 /* Banners */ = {
			isa = PBXGroup;
			children = (
				44D88A262A19844200C20336 /* BannerView.swift */,
				44D88A282A19847400C20336 /* BannerView.xib */,
				44D88A2C2A19931300C20336 /* BannerCollectionViewCell.swift */,
				44D88A2E2A19932700C20336 /* BannerCollectionViewCell.xib */,
			);
			path = Banners;
			sourceTree = "<group>";
		};
		44D88A372A1A3F4200C20336 /* Catalog Items */ = {
			isa = PBXGroup;
			children = (
			);
			path = "Catalog Items";
			sourceTree = "<group>";
		};
		59B4903F799C50005514E3C0 /* Frameworks */ = {
			isa = PBXGroup;
			children = (
				7746CBD09B30126A10962DD8 /* Pods_SaryTask.framework */,
				3BF6D4B47922CEF4FFB37265 /* Pods_SaryTask_SaryTaskUITests.framework */,
				478E505D8F8A7427B2BDC109 /* Pods_SaryTaskTests.framework */,
			);
			name = Frameworks;
			sourceTree = "<group>";
		};
/* End PBXGroup section */

/* Begin PBXNativeTarget section */
		44D889D42A19630700C20336 /* SaryTask */ = {
			isa = PBXNativeTarget;
			buildConfigurationList = 44D889FF2A19630900C20336 /* Build configuration list for PBXNativeTarget "SaryTask" */;
			buildPhases = (
				BFADD71C7B7AC5B75D8DCD20 /* [CP] Check Pods Manifest.lock */,
				44D889D12A19630700C20336 /* Sources */,
				44D889D22A19630700C20336 /* Frameworks */,
				44D889D32A19630700C20336 /* Resources */,
				CA6374A706C294D42857CCEE /* [CP] Embed Pods Frameworks */,
			);
			buildRules = (
			);
			dependencies = (
			);
			name = SaryTask;
			productName = SaryTask;
			productReference = 44D889D52A19630700C20336 /* SaryTask.app */;
			productType = "com.apple.product-type.application";
		};
		44D889EA2A19630900C20336 /* SaryTaskTests */ = {
			isa = PBXNativeTarget;
			buildConfigurationList = 44D88A022A19630900C20336 /* Build configuration list for PBXNativeTarget "SaryTaskTests" */;
			buildPhases = (
				D64407883E070B690DD71F44 /* [CP] Check Pods Manifest.lock */,
				44D889E72A19630900C20336 /* Sources */,
				44D889E82A19630900C20336 /* Frameworks */,
				44D889E92A19630900C20336 /* Resources */,
			);
			buildRules = (
			);
			dependencies = (
				44D889ED2A19630900C20336 /* PBXTargetDependency */,
			);
			name = SaryTaskTests;
			productName = SaryTaskTests;
			productReference = 44D889EB2A19630900C20336 /* SaryTaskTests.xctest */;
			productType = "com.apple.product-type.bundle.unit-test";
		};
		44D889F42A19630900C20336 /* SaryTaskUITests */ = {
			isa = PBXNativeTarget;
			buildConfigurationList = 44D88A052A19630900C20336 /* Build configuration list for PBXNativeTarget "SaryTaskUITests" */;
			buildPhases = (
				8469F82EFF2F6C4EDBE0198A /* [CP] Check Pods Manifest.lock */,
				44D889F12A19630900C20336 /* Sources */,
				44D889F22A19630900C20336 /* Frameworks */,
				44D889F32A19630900C20336 /* Resources */,
				E60692C7B0BF26ED742138E2 /* [CP] Embed Pods Frameworks */,
			);
			buildRules = (
			);
			dependencies = (
				44D889F72A19630900C20336 /* PBXTargetDependency */,
			);
			name = SaryTaskUITests;
			productName = SaryTaskUITests;
			productReference = 44D889F52A19630900C20336 /* SaryTaskUITests.xctest */;
			productType = "com.apple.product-type.bundle.ui-testing";
		};
/* End PBXNativeTarget section */

/* Begin PBXProject section */
		44D889CD2A19630700C20336 /* Project object */ = {
			isa = PBXProject;
			attributes = {
				BuildIndependentTargetsInParallel = 1;
				LastSwiftUpdateCheck = 1430;
				LastUpgradeCheck = 1430;
				TargetAttributes = {
					44D889D42A19630700C20336 = {
						CreatedOnToolsVersion = 14.3;
					};
					44D889EA2A19630900C20336 = {
						CreatedOnToolsVersion = 14.3;
						TestTargetID = 44D889D42A19630700C20336;
					};
					44D889F42A19630900C20336 = {
						CreatedOnToolsVersion = 14.3;
						TestTargetID = 44D889D42A19630700C20336;
					};
				};
			};
			buildConfigurationList = 44D889D02A19630700C20336 /* Build configuration list for PBXProject "SaryTask" */;
			compatibilityVersion = "Xcode 14.0";
			developmentRegion = en;
			hasScannedForEncodings = 0;
			knownRegions = (
				en,
				Base,
			);
			mainGroup = 44D889CC2A19630700C20336;
			productRefGroup = 44D889D62A19630700C20336 /* Products */;
			projectDirPath = "";
			projectRoot = "";
			targets = (
				44D889D42A19630700C20336 /* SaryTask */,
				44D889EA2A19630900C20336 /* SaryTaskTests */,
				44D889F42A19630900C20336 /* SaryTaskUITests */,
			);
		};
/* End PBXProject section */

/* Begin PBXResourcesBuildPhase section */
		44D889D32A19630700C20336 /* Resources */ = {
			isa = PBXResourcesBuildPhase;
			buildActionMask = 2147483647;
			files = (
				44D88A292A19847400C20336 /* BannerView.xib in Resources */,
				44D88A2F2A19932700C20336 /* BannerCollectionViewCell.xib in Resources */,
				44D889E52A19630900C20336 /* LaunchScreen.storyboard in Resources */,
				44D889E22A19630900C20336 /* Assets.xcassets in Resources */,
				44D88A232A197F7D00C20336 /* CatalogViewController.storyboard in Resources */,
			);
			runOnlyForDeploymentPostprocessing = 0;
		};
		44D889E92A19630900C20336 /* Resources */ = {
			isa = PBXResourcesBuildPhase;
			buildActionMask = 2147483647;
			files = (
			);
			runOnlyForDeploymentPostprocessing = 0;
		};
		44D889F32A19630900C20336 /* Resources */ = {
			isa = PBXResourcesBuildPhase;
			buildActionMask = 2147483647;
			files = (
			);
			runOnlyForDeploymentPostprocessing = 0;
		};
/* End PBXResourcesBuildPhase section */

/* Begin PBXShellScriptBuildPhase section */
		8469F82EFF2F6C4EDBE0198A /* [CP] Check Pods Manifest.lock */ = {
			isa = PBXShellScriptBuildPhase;
			buildActionMask = 2147483647;
			files = (
			);
			inputFileListPaths = (
			);
			inputPaths = (
				"${PODS_PODFILE_DIR_PATH}/Podfile.lock",
				"${PODS_ROOT}/Manifest.lock",
			);
			name = "[CP] Check Pods Manifest.lock";
			outputFileListPaths = (
			);
			outputPaths = (
				"$(DERIVED_FILE_DIR)/Pods-SaryTask-SaryTaskUITests-checkManifestLockResult.txt",
			);
			runOnlyForDeploymentPostprocessing = 0;
			shellPath = /bin/sh;
			shellScript = "diff \"${PODS_PODFILE_DIR_PATH}/Podfile.lock\" \"${PODS_ROOT}/Manifest.lock\" > /dev/null\nif [ $? != 0 ] ; then\n    # print error to STDERR\n    echo \"error: The sandbox is not in sync with the Podfile.lock. Run 'pod install' or update your CocoaPods installation.\" >&2\n    exit 1\nfi\n# This output is used by Xcode 'outputs' to avoid re-running this script phase.\necho \"SUCCESS\" > \"${SCRIPT_OUTPUT_FILE_0}\"\n";
			showEnvVarsInLog = 0;
		};
		BFADD71C7B7AC5B75D8DCD20 /* [CP] Check Pods Manifest.lock */ = {
			isa = PBXShellScriptBuildPhase;
			buildActionMask = 2147483647;
			files = (
			);
			inputFileListPaths = (
			);
			inputPaths = (
				"${PODS_PODFILE_DIR_PATH}/Podfile.lock",
				"${PODS_ROOT}/Manifest.lock",
			);
			name = "[CP] Check Pods Manifest.lock";
			outputFileListPaths = (
			);
			outputPaths = (
				"$(DERIVED_FILE_DIR)/Pods-SaryTask-checkManifestLockResult.txt",
			);
			runOnlyForDeploymentPostprocessing = 0;
			shellPath = /bin/sh;
			shellScript = "diff \"${PODS_PODFILE_DIR_PATH}/Podfile.lock\" \"${PODS_ROOT}/Manifest.lock\" > /dev/null\nif [ $? != 0 ] ; then\n    # print error to STDERR\n    echo \"error: The sandbox is not in sync with the Podfile.lock. Run 'pod install' or update your CocoaPods installation.\" >&2\n    exit 1\nfi\n# This output is used by Xcode 'outputs' to avoid re-running this script phase.\necho \"SUCCESS\" > \"${SCRIPT_OUTPUT_FILE_0}\"\n";
			showEnvVarsInLog = 0;
		};
		CA6374A706C294D42857CCEE /* [CP] Embed Pods Frameworks */ = {
			isa = PBXShellScriptBuildPhase;
			buildActionMask = 2147483647;
			files = (
			);
			inputFileListPaths = (
				"${PODS_ROOT}/Target Support Files/Pods-SaryTask/Pods-SaryTask-frameworks-${CONFIGURATION}-input-files.xcfilelist",
			);
			name = "[CP] Embed Pods Frameworks";
			outputFileListPaths = (
				"${PODS_ROOT}/Target Support Files/Pods-SaryTask/Pods-SaryTask-frameworks-${CONFIGURATION}-output-files.xcfilelist",
			);
			runOnlyForDeploymentPostprocessing = 0;
			shellPath = /bin/sh;
			shellScript = "\"${PODS_ROOT}/Target Support Files/Pods-SaryTask/Pods-SaryTask-frameworks.sh\"\n";
			showEnvVarsInLog = 0;
		};
		D64407883E070B690DD71F44 /* [CP] Check Pods Manifest.lock */ = {
			isa = PBXShellScriptBuildPhase;
			buildActionMask = 2147483647;
			files = (
			);
			inputFileListPaths = (
			);
			inputPaths = (
				"${PODS_PODFILE_DIR_PATH}/Podfile.lock",
				"${PODS_ROOT}/Manifest.lock",
			);
			name = "[CP] Check Pods Manifest.lock";
			outputFileListPaths = (
			);
			outputPaths = (
				"$(DERIVED_FILE_DIR)/Pods-SaryTaskTests-checkManifestLockResult.txt",
			);
			runOnlyForDeploymentPostprocessing = 0;
			shellPath = /bin/sh;
			shellScript = "diff \"${PODS_PODFILE_DIR_PATH}/Podfile.lock\" \"${PODS_ROOT}/Manifest.lock\" > /dev/null\nif [ $? != 0 ] ; then\n    # print error to STDERR\n    echo \"error: The sandbox is not in sync with the Podfile.lock. Run 'pod install' or update your CocoaPods installation.\" >&2\n    exit 1\nfi\n# This output is used by Xcode 'outputs' to avoid re-running this script phase.\necho \"SUCCESS\" > \"${SCRIPT_OUTPUT_FILE_0}\"\n";
			showEnvVarsInLog = 0;
		};
		E60692C7B0BF26ED742138E2 /* [CP] Embed Pods Frameworks */ = {
			isa = PBXShellScriptBuildPhase;
			buildActionMask = 2147483647;
			files = (
			);
			inputFileListPaths = (
				"${PODS_ROOT}/Target Support Files/Pods-SaryTask-SaryTaskUITests/Pods-SaryTask-SaryTaskUITests-frameworks-${CONFIGURATION}-input-files.xcfilelist",
			);
			name = "[CP] Embed Pods Frameworks";
			outputFileListPaths = (
				"${PODS_ROOT}/Target Support Files/Pods-SaryTask-SaryTaskUITests/Pods-SaryTask-SaryTaskUITests-frameworks-${CONFIGURATION}-output-files.xcfilelist",
			);
			runOnlyForDeploymentPostprocessing = 0;
			shellPath = /bin/sh;
			shellScript = "\"${PODS_ROOT}/Target Support Files/Pods-SaryTask-SaryTaskUITests/Pods-SaryTask-SaryTaskUITests-frameworks.sh\"\n";
			showEnvVarsInLog = 0;
		};
/* End PBXShellScriptBuildPhase section */

/* Begin PBXSourcesBuildPhase section */
		44D889D12A19630700C20336 /* Sources */ = {
			isa = PBXSourcesBuildPhase;
			buildActionMask = 2147483647;
			files = (
				44D88A0C2A1968A300C20336 /* DataSourceProtocol.swift in Sources */,
				44D88A0E2A1968F800C20336 /* RemoteDataSource.swift in Sources */,
				44D88A2B2A198A6D00C20336 /* CatalogViewModel.swift in Sources */,
				44D88A352A1A31CA00C20336 /* CatalogUseCase.swift in Sources */,
				44D88A162A196F4100C20336 /* BaseRepo.swift in Sources */,
				44D88A0A2A19684A00C20336 /* EndpointProtocol.swift in Sources */,
				44D88A212A19768F00C20336 /* Banner.swift in Sources */,
				44D889DD2A19630700C20336 /* CatalogViewController.swift in Sources */,
				44D88A1C2A19729700C20336 /* CatalogEndpoints.swift in Sources */,
				44D88A322A19986D00C20336 /* UIView+Nib.swift in Sources */,
				44D88A192A1971F200C20336 /* CatalogRepo.swift in Sources */,
				44D88A2D2A19931300C20336 /* BannerCollectionViewCell.swift in Sources */,
				44D88A272A19844200C20336 /* BannerView.swift in Sources */,
				44D889D92A19630700C20336 /* AppDelegate.swift in Sources */,
				44D88A1E2A19748A00C20336 /* Decoder.swift in Sources */,
				44D88A112A196AA200C20336 /* RestService.swift in Sources */,
			);
			runOnlyForDeploymentPostprocessing = 0;
		};
		44D889E72A19630900C20336 /* Sources */ = {
			isa = PBXSourcesBuildPhase;
			buildActionMask = 2147483647;
			files = (
				44D889F02A19630900C20336 /* SaryTaskTests.swift in Sources */,
			);
			runOnlyForDeploymentPostprocessing = 0;
		};
		44D889F12A19630900C20336 /* Sources */ = {
			isa = PBXSourcesBuildPhase;
			buildActionMask = 2147483647;
			files = (
				44D889FC2A19630900C20336 /* SaryTaskUITestsLaunchTests.swift in Sources */,
				44D889FA2A19630900C20336 /* SaryTaskUITests.swift in Sources */,
			);
			runOnlyForDeploymentPostprocessing = 0;
		};
/* End PBXSourcesBuildPhase section */

/* Begin PBXTargetDependency section */
		44D889ED2A19630900C20336 /* PBXTargetDependency */ = {
			isa = PBXTargetDependency;
			target = 44D889D42A19630700C20336 /* SaryTask */;
			targetProxy = 44D889EC2A19630900C20336 /* PBXContainerItemProxy */;
		};
		44D889F72A19630900C20336 /* PBXTargetDependency */ = {
			isa = PBXTargetDependency;
			target = 44D889D42A19630700C20336 /* SaryTask */;
			targetProxy = 44D889F62A19630900C20336 /* PBXContainerItemProxy */;
		};
/* End PBXTargetDependency section */

/* Begin PBXVariantGroup section */
		44D889E32A19630900C20336 /* LaunchScreen.storyboard */ = {
			isa = PBXVariantGroup;
			children = (
				44D889E42A19630900C20336 /* Base */,
			);
			name = LaunchScreen.storyboard;
			sourceTree = "<group>";
		};
/* End PBXVariantGroup section */

/* Begin XCBuildConfiguration section */
		44D889FD2A19630900C20336 /* Debug */ = {
			isa = XCBuildConfiguration;
			buildSettings = {
				ALWAYS_SEARCH_USER_PATHS = NO;
				CLANG_ANALYZER_NONNULL = YES;
				CLANG_ANALYZER_NUMBER_OBJECT_CONVERSION = YES_AGGRESSIVE;
				CLANG_CXX_LANGUAGE_STANDARD = "gnu++20";
				CLANG_ENABLE_MODULES = YES;
				CLANG_ENABLE_OBJC_ARC = YES;
				CLANG_ENABLE_OBJC_WEAK = YES;
				CLANG_WARN_BLOCK_CAPTURE_AUTORELEASING = YES;
				CLANG_WARN_BOOL_CONVERSION = YES;
				CLANG_WARN_COMMA = YES;
				CLANG_WARN_CONSTANT_CONVERSION = YES;
				CLANG_WARN_DEPRECATED_OBJC_IMPLEMENTATIONS = YES;
				CLANG_WARN_DIRECT_OBJC_ISA_USAGE = YES_ERROR;
				CLANG_WARN_DOCUMENTATION_COMMENTS = YES;
				CLANG_WARN_EMPTY_BODY = YES;
				CLANG_WARN_ENUM_CONVERSION = YES;
				CLANG_WARN_INFINITE_RECURSION = YES;
				CLANG_WARN_INT_CONVERSION = YES;
				CLANG_WARN_NON_LITERAL_NULL_CONVERSION = YES;
				CLANG_WARN_OBJC_IMPLICIT_RETAIN_SELF = YES;
				CLANG_WARN_OBJC_LITERAL_CONVERSION = YES;
				CLANG_WARN_OBJC_ROOT_CLASS = YES_ERROR;
				CLANG_WARN_QUOTED_INCLUDE_IN_FRAMEWORK_HEADER = YES;
				CLANG_WARN_RANGE_LOOP_ANALYSIS = YES;
				CLANG_WARN_STRICT_PROTOTYPES = YES;
				CLANG_WARN_SUSPICIOUS_MOVE = YES;
				CLANG_WARN_UNGUARDED_AVAILABILITY = YES_AGGRESSIVE;
				CLANG_WARN_UNREACHABLE_CODE = YES;
				CLANG_WARN__DUPLICATE_METHOD_MATCH = YES;
				COPY_PHASE_STRIP = NO;
				DEBUG_INFORMATION_FORMAT = dwarf;
				ENABLE_STRICT_OBJC_MSGSEND = YES;
				ENABLE_TESTABILITY = YES;
				GCC_C_LANGUAGE_STANDARD = gnu11;
				GCC_DYNAMIC_NO_PIC = NO;
				GCC_NO_COMMON_BLOCKS = YES;
				GCC_OPTIMIZATION_LEVEL = 0;
				GCC_PREPROCESSOR_DEFINITIONS = (
					"DEBUG=1",
					"$(inherited)",
				);
				GCC_WARN_64_TO_32_BIT_CONVERSION = YES;
				GCC_WARN_ABOUT_RETURN_TYPE = YES_ERROR;
				GCC_WARN_UNDECLARED_SELECTOR = YES;
				GCC_WARN_UNINITIALIZED_AUTOS = YES_AGGRESSIVE;
				GCC_WARN_UNUSED_FUNCTION = YES;
				GCC_WARN_UNUSED_VARIABLE = YES;
				IPHONEOS_DEPLOYMENT_TARGET = 16.4;
				MTL_ENABLE_DEBUG_INFO = INCLUDE_SOURCE;
				MTL_FAST_MATH = YES;
				ONLY_ACTIVE_ARCH = YES;
				SDKROOT = iphoneos;
				SWIFT_ACTIVE_COMPILATION_CONDITIONS = DEBUG;
				SWIFT_OPTIMIZATION_LEVEL = "-Onone";
			};
			name = Debug;
		};
		44D889FE2A19630900C20336 /* Release */ = {
			isa = XCBuildConfiguration;
			buildSettings = {
				ALWAYS_SEARCH_USER_PATHS = NO;
				CLANG_ANALYZER_NONNULL = YES;
				CLANG_ANALYZER_NUMBER_OBJECT_CONVERSION = YES_AGGRESSIVE;
				CLANG_CXX_LANGUAGE_STANDARD = "gnu++20";
				CLANG_ENABLE_MODULES = YES;
				CLANG_ENABLE_OBJC_ARC = YES;
				CLANG_ENABLE_OBJC_WEAK = YES;
				CLANG_WARN_BLOCK_CAPTURE_AUTORELEASING = YES;
				CLANG_WARN_BOOL_CONVERSION = YES;
				CLANG_WARN_COMMA = YES;
				CLANG_WARN_CONSTANT_CONVERSION = YES;
				CLANG_WARN_DEPRECATED_OBJC_IMPLEMENTATIONS = YES;
				CLANG_WARN_DIRECT_OBJC_ISA_USAGE = YES_ERROR;
				CLANG_WARN_DOCUMENTATION_COMMENTS = YES;
				CLANG_WARN_EMPTY_BODY = YES;
				CLANG_WARN_ENUM_CONVERSION = YES;
				CLANG_WARN_INFINITE_RECURSION = YES;
				CLANG_WARN_INT_CONVERSION = YES;
				CLANG_WARN_NON_LITERAL_NULL_CONVERSION = YES;
				CLANG_WARN_OBJC_IMPLICIT_RETAIN_SELF = YES;
				CLANG_WARN_OBJC_LITERAL_CONVERSION = YES;
				CLANG_WARN_OBJC_ROOT_CLASS = YES_ERROR;
				CLANG_WARN_QUOTED_INCLUDE_IN_FRAMEWORK_HEADER = YES;
				CLANG_WARN_RANGE_LOOP_ANALYSIS = YES;
				CLANG_WARN_STRICT_PROTOTYPES = YES;
				CLANG_WARN_SUSPICIOUS_MOVE = YES;
				CLANG_WARN_UNGUARDED_AVAILABILITY = YES_AGGRESSIVE;
				CLANG_WARN_UNREACHABLE_CODE = YES;
				CLANG_WARN__DUPLICATE_METHOD_MATCH = YES;
				COPY_PHASE_STRIP = NO;
				DEBUG_INFORMATION_FORMAT = "dwarf-with-dsym";
				ENABLE_NS_ASSERTIONS = NO;
				ENABLE_STRICT_OBJC_MSGSEND = YES;
				GCC_C_LANGUAGE_STANDARD = gnu11;
				GCC_NO_COMMON_BLOCKS = YES;
				GCC_WARN_64_TO_32_BIT_CONVERSION = YES;
				GCC_WARN_ABOUT_RETURN_TYPE = YES_ERROR;
				GCC_WARN_UNDECLARED_SELECTOR = YES;
				GCC_WARN_UNINITIALIZED_AUTOS = YES_AGGRESSIVE;
				GCC_WARN_UNUSED_FUNCTION = YES;
				GCC_WARN_UNUSED_VARIABLE = YES;
				IPHONEOS_DEPLOYMENT_TARGET = 16.4;
				MTL_ENABLE_DEBUG_INFO = NO;
				MTL_FAST_MATH = YES;
				SDKROOT = iphoneos;
				SWIFT_COMPILATION_MODE = wholemodule;
				SWIFT_OPTIMIZATION_LEVEL = "-O";
				VALIDATE_PRODUCT = YES;
			};
			name = Release;
		};
		44D88A002A19630900C20336 /* Debug */ = {
			isa = XCBuildConfiguration;
			baseConfigurationReference = 7B789007A5DAEEBF9CEF0BA0 /* Pods-SaryTask.debug.xcconfig */;
			buildSettings = {
				ASSETCATALOG_COMPILER_APPICON_NAME = AppIcon;
				ASSETCATALOG_COMPILER_GLOBAL_ACCENT_COLOR_NAME = AccentColor;
				CODE_SIGN_STYLE = Automatic;
				CURRENT_PROJECT_VERSION = 1;
				DEVELOPMENT_TEAM = LMUYVB3973;
				GENERATE_INFOPLIST_FILE = YES;
				INFOPLIST_FILE = SaryTask/Info.plist;
				INFOPLIST_KEY_UIApplicationSupportsIndirectInputEvents = YES;
				INFOPLIST_KEY_UILaunchStoryboardName = LaunchScreen;
				INFOPLIST_KEY_UIMainStoryboardFile = CatalogViewController;
				INFOPLIST_KEY_UISupportedInterfaceOrientations_iPad = "UIInterfaceOrientationPortrait UIInterfaceOrientationPortraitUpsideDown UIInterfaceOrientationLandscapeLeft UIInterfaceOrientationLandscapeRight";
				INFOPLIST_KEY_UISupportedInterfaceOrientations_iPhone = "UIInterfaceOrientationPortrait UIInterfaceOrientationLandscapeLeft UIInterfaceOrientationLandscapeRight";
				IPHONEOS_DEPLOYMENT_TARGET = 11.0;
				LD_RUNPATH_SEARCH_PATHS = (
					"$(inherited)",
					"@executable_path/Frameworks",
				);
				MARKETING_VERSION = 1.0;
				PRODUCT_BUNDLE_IDENTIFIER = Sary.SaryTask;
				PRODUCT_NAME = "$(TARGET_NAME)";
				SWIFT_EMIT_LOC_STRINGS = YES;
				SWIFT_VERSION = 5.0;
				TARGETED_DEVICE_FAMILY = "1,2";
			};
			name = Debug;
		};
		44D88A012A19630900C20336 /* Release */ = {
			isa = XCBuildConfiguration;
			baseConfigurationReference = B5178C0941647E5E30C0C49D /* Pods-SaryTask.release.xcconfig */;
			buildSettings = {
				ASSETCATALOG_COMPILER_APPICON_NAME = AppIcon;
				ASSETCATALOG_COMPILER_GLOBAL_ACCENT_COLOR_NAME = AccentColor;
				CODE_SIGN_STYLE = Automatic;
				CURRENT_PROJECT_VERSION = 1;
				DEVELOPMENT_TEAM = LMUYVB3973;
				GENERATE_INFOPLIST_FILE = YES;
				INFOPLIST_FILE = SaryTask/Info.plist;
				INFOPLIST_KEY_UIApplicationSupportsIndirectInputEvents = YES;
				INFOPLIST_KEY_UILaunchStoryboardName = LaunchScreen;
				INFOPLIST_KEY_UIMainStoryboardFile = CatalogViewController;
				INFOPLIST_KEY_UISupportedInterfaceOrientations_iPad = "UIInterfaceOrientationPortrait UIInterfaceOrientationPortraitUpsideDown UIInterfaceOrientationLandscapeLeft UIInterfaceOrientationLandscapeRight";
				INFOPLIST_KEY_UISupportedInterfaceOrientations_iPhone = "UIInterfaceOrientationPortrait UIInterfaceOrientationLandscapeLeft UIInterfaceOrientationLandscapeRight";
				IPHONEOS_DEPLOYMENT_TARGET = 11.0;
				LD_RUNPATH_SEARCH_PATHS = (
					"$(inherited)",
					"@executable_path/Frameworks",
				);
				MARKETING_VERSION = 1.0;
				PRODUCT_BUNDLE_IDENTIFIER = Sary.SaryTask;
				PRODUCT_NAME = "$(TARGET_NAME)";
				SWIFT_EMIT_LOC_STRINGS = YES;
				SWIFT_VERSION = 5.0;
				TARGETED_DEVICE_FAMILY = "1,2";
			};
			name = Release;
		};
		44D88A032A19630900C20336 /* Debug */ = {
			isa = XCBuildConfiguration;
			baseConfigurationReference = 2D7E32F17CFE69A6F5046D33 /* Pods-SaryTaskTests.debug.xcconfig */;
			buildSettings = {
				ALWAYS_EMBED_SWIFT_STANDARD_LIBRARIES = YES;
				BUNDLE_LOADER = "$(TEST_HOST)";
				CODE_SIGN_STYLE = Automatic;
				CURRENT_PROJECT_VERSION = 1;
				DEVELOPMENT_TEAM = LMUYVB3973;
				GENERATE_INFOPLIST_FILE = YES;
				IPHONEOS_DEPLOYMENT_TARGET = 16.4;
				MARKETING_VERSION = 1.0;
				PRODUCT_BUNDLE_IDENTIFIER = Sary.SaryTaskTests;
				PRODUCT_NAME = "$(TARGET_NAME)";
				SWIFT_EMIT_LOC_STRINGS = NO;
				SWIFT_VERSION = 5.0;
				TARGETED_DEVICE_FAMILY = "1,2";
				TEST_HOST = "$(BUILT_PRODUCTS_DIR)/SaryTask.app/$(BUNDLE_EXECUTABLE_FOLDER_PATH)/SaryTask";
			};
			name = Debug;
		};
		44D88A042A19630900C20336 /* Release */ = {
			isa = XCBuildConfiguration;
			baseConfigurationReference = E02E1DC59002B90270DF8947 /* Pods-SaryTaskTests.release.xcconfig */;
			buildSettings = {
				ALWAYS_EMBED_SWIFT_STANDARD_LIBRARIES = YES;
				BUNDLE_LOADER = "$(TEST_HOST)";
				CODE_SIGN_STYLE = Automatic;
				CURRENT_PROJECT_VERSION = 1;
				DEVELOPMENT_TEAM = LMUYVB3973;
				GENERATE_INFOPLIST_FILE = YES;
				IPHONEOS_DEPLOYMENT_TARGET = 16.4;
				MARKETING_VERSION = 1.0;
				PRODUCT_BUNDLE_IDENTIFIER = Sary.SaryTaskTests;
				PRODUCT_NAME = "$(TARGET_NAME)";
				SWIFT_EMIT_LOC_STRINGS = NO;
				SWIFT_VERSION = 5.0;
				TARGETED_DEVICE_FAMILY = "1,2";
				TEST_HOST = "$(BUILT_PRODUCTS_DIR)/SaryTask.app/$(BUNDLE_EXECUTABLE_FOLDER_PATH)/SaryTask";
			};
			name = Release;
		};
		44D88A062A19630900C20336 /* Debug */ = {
			isa = XCBuildConfiguration;
			baseConfigurationReference = 13B735CDB450EC46ACE178AB /* Pods-SaryTask-SaryTaskUITests.debug.xcconfig */;
			buildSettings = {
				ALWAYS_EMBED_SWIFT_STANDARD_LIBRARIES = YES;
				CODE_SIGN_STYLE = Automatic;
				CURRENT_PROJECT_VERSION = 1;
				DEVELOPMENT_TEAM = LMUYVB3973;
				GENERATE_INFOPLIST_FILE = YES;
				MARKETING_VERSION = 1.0;
				PRODUCT_BUNDLE_IDENTIFIER = Sary.SaryTaskUITests;
				PRODUCT_NAME = "$(TARGET_NAME)";
				SWIFT_EMIT_LOC_STRINGS = NO;
				SWIFT_VERSION = 5.0;
				TARGETED_DEVICE_FAMILY = "1,2";
				TEST_TARGET_NAME = SaryTask;
			};
			name = Debug;
		};
		44D88A072A19630900C20336 /* Release */ = {
			isa = XCBuildConfiguration;
			baseConfigurationReference = 55DFF090A2D0305F47F3435D /* Pods-SaryTask-SaryTaskUITests.release.xcconfig */;
			buildSettings = {
				ALWAYS_EMBED_SWIFT_STANDARD_LIBRARIES = YES;
				CODE_SIGN_STYLE = Automatic;
				CURRENT_PROJECT_VERSION = 1;
				DEVELOPMENT_TEAM = LMUYVB3973;
				GENERATE_INFOPLIST_FILE = YES;
				MARKETING_VERSION = 1.0;
				PRODUCT_BUNDLE_IDENTIFIER = Sary.SaryTaskUITests;
				PRODUCT_NAME = "$(TARGET_NAME)";
				SWIFT_EMIT_LOC_STRINGS = NO;
				SWIFT_VERSION = 5.0;
				TARGETED_DEVICE_FAMILY = "1,2";
				TEST_TARGET_NAME = SaryTask;
			};
			name = Release;
		};
/* End XCBuildConfiguration section */

/* Begin XCConfigurationList section */
		44D889D02A19630700C20336 /* Build configuration list for PBXProject "SaryTask" */ = {
			isa = XCConfigurationList;
			buildConfigurations = (
				44D889FD2A19630900C20336 /* Debug */,
				44D889FE2A19630900C20336 /* Release */,
			);
			defaultConfigurationIsVisible = 0;
			defaultConfigurationName = Release;
		};
		44D889FF2A19630900C20336 /* Build configuration list for PBXNativeTarget "SaryTask" */ = {
			isa = XCConfigurationList;
			buildConfigurations = (
				44D88A002A19630900C20336 /* Debug */,
				44D88A012A19630900C20336 /* Release */,
			);
			defaultConfigurationIsVisible = 0;
			defaultConfigurationName = Release;
		};
		44D88A022A19630900C20336 /* Build configuration list for PBXNativeTarget "SaryTaskTests" */ = {
			isa = XCConfigurationList;
			buildConfigurations = (
				44D88A032A19630900C20336 /* Debug */,
				44D88A042A19630900C20336 /* Release */,
			);
			defaultConfigurationIsVisible = 0;
			defaultConfigurationName = Release;
		};
		44D88A052A19630900C20336 /* Build configuration list for PBXNativeTarget "SaryTaskUITests" */ = {
			isa = XCConfigurationList;
			buildConfigurations = (
				44D88A062A19630900C20336 /* Debug */,
				44D88A072A19630900C20336 /* Release */,
			);
			defaultConfigurationIsVisible = 0;
			defaultConfigurationName = Release;
		};
/* End XCConfigurationList section */
	};
	rootObject = 44D889CD2A19630700C20336 /* Project object */;
}
