// !$*UTF8*$!
{
	archiveVersion = 1;
	classes = {
	};
	objectVersion = 56;
	objects = {

/* Begin PBXBuildFile section */
		44D889D92A19630700C20336 /* AppDelegate.swift in Sources */ = {isa = PBXBuildFile; fileRef = 44D889D82A19630700C20336 /* AppDelegate.swift */; };
		44D889DD2A19630700C20336 /* ViewController.swift in Sources */ = {isa = PBXBuildFile; fileRef = 44D889DC2A19630700C20336 /* ViewController.swift */; };
		44D889E02A19630700C20336 /* Main.storyboard in Resources */ = {isa = PBXBuildFile; fileRef = 44D889DE2A19630700C20336 /* Main.storyboard */; };
		44D889E22A19630900C20336 /* Assets.xcassets in Resources */ = {isa = PBXBuildFile; fileRef = 44D889E12A19630900C20336 /* Assets.xcassets */; };
		44D889E52A19630900C20336 /* LaunchScreen.storyboard in Resources */ = {isa = PBXBuildFile; fileRef = 44D889E32A19630900C20336 /* LaunchScreen.storyboard */; };
		44D889F02A19630900C20336 /* SaryTaskTests.swift in Sources */ = {isa = PBXBuildFile; fileRef = 44D889EF2A19630900C20336 /* SaryTaskTests.swift */; };
		44D889FA2A19630900C20336 /* SaryTaskUITests.swift in Sources */ = {isa = PBXBuildFile; fileRef = 44D889F92A19630900C20336 /* SaryTaskUITests.swift */; };
		44D889FC2A19630900C20336 /* SaryTaskUITestsLaunchTests.swift in Sources */ = {isa = PBXBuildFile; fileRef = 44D889FB2A19630900C20336 /* SaryTaskUITestsLaunchTests.swift */; };
/* End PBXBuildFile section */

/* Begin PBXContainerItemProxy section */
		44D889EC2A19630900C20336 /* PBXContainerItemProxy */ = {
			isa = PBXContainerItemProxy;
			containerPortal = 44D889CD2A19630700C20336 /* Project object */;
			proxyType = 1;
			remoteGlobalIDString = 44D889D42A19630700C20336;
			remoteInfo = SaryTask;
		};
		44D889F62A19630900C20336 /* PBXContainerItemProxy */ = {
			isa = PBXContainerItemProxy;
			containerPortal = 44D889CD2A19630700C20336 /* Project object */;
			proxyType = 1;
			remoteGlobalIDString = 44D889D42A19630700C20336;
			remoteInfo = SaryTask;
		};
/* End PBXContainerItemProxy section */

/* Begin PBXFileReference section */
		44D889D52A19630700C20336 /* SaryTask.app */ = {isa = PBXFileReference; explicitFileType = wrapper.application; includeInIndex = 0; path = SaryTask.app; sourceTree = BUILT_PRODUCTS_DIR; };
		44D889D82A19630700C20336 /* AppDelegate.swift */ = {isa = PBXFileReference; lastKnownFileType = sourcecode.swift; path = AppDelegate.swift; sourceTree = "<group>"; };
		44D889DC2A19630700C20336 /* ViewController.swift */ = {isa = PBXFileReference; lastKnownFileType = sourcecode.swift; path = ViewController.swift; sourceTree = "<group>"; };
		44D889DF2A19630700C20336 /* Base */ = {isa = PBXFileReference; lastKnownFileType = file.storyboard; name = Base; path = Base.lproj/Main.storyboard; sourceTree = "<group>"; };
		44D889E12A19630900C20336 /* Assets.xcassets */ = {isa = PBXFileReference; lastKnownFileType = folder.assetcatalog; path = Assets.xcassets; sourceTree = "<group>"; };
		44D889E42A19630900C20336 /* Base */ = {isa = PBXFileReference; lastKnownFileType = file.storyboard; name = Base; path = Base.lproj/LaunchScreen.storyboard; sourceTree = "<group>"; };
		44D889E62A19630900C20336 /* Info.plist */ = {isa = PBXFileReference; lastKnownFileType = text.plist.xml; path = Info.plist; sourceTree = "<group>"; };
		44D889EB2A19630900C20336 /* SaryTaskTests.xctest */ = {isa = PBXFileReference; explicitFileType = wrapper.cfbundle; includeInIndex = 0; path = SaryTaskTests.xctest; sourceTree = BUILT_PRODUCTS_DIR; };
		44D889EF2A19630900C20336 /* SaryTaskTests.swift */ = {isa = PBXFileReference; lastKnownFileType = sourcecode.swift; path = SaryTaskTests.swift; sourceTree = "<group>"; };
		44D889F52A19630900C20336 /* SaryTaskUITests.xctest */ = {isa = PBXFileReference; explicitFileType = wrapper.cfbundle; includeInIndex = 0; path = SaryTaskUITests.xctest; sourceTree = BUILT_PRODUCTS_DIR; };
		44D889F92A19630900C20336 /* SaryTaskUITests.swift */ = {isa = PBXFileReference; lastKnownFileType = sourcecode.swift; path = SaryTaskUITests.swift; sourceTree = "<group>"; };
		44D889FB2A19630900C20336 /* SaryTaskUITestsLaunchTests.swift */ = {isa = PBXFileReference; lastKnownFileType = sourcecode.swift; path = SaryTaskUITestsLaunchTests.swift; sourceTree = "<group>"; };
/* End PBXFileReference section */

/* Begin PBXFrameworksBuildPhase section */
		44D889D22A19630700C20336 /* Frameworks */ = {
			isa = PBXFrameworksBuildPhase;
			buildActionMask = 2147483647;
			files = (
			);
			runOnlyForDeploymentPostprocessing = 0;
		};
		44D889E82A19630900C20336 /* Frameworks */ = {
			isa = PBXFrameworksBuildPhase;
			buildActionMask = 2147483647;
			files = (
			);
			runOnlyForDeploymentPostprocessing = 0;
		};
		44D889F22A19630900C20336 /* Frameworks */ = {
			isa = PBXFrameworksBuildPhase;
			buildActionMask = 2147483647;
			files = (
			);
			runOnlyForDeploymentPostprocessing = 0;
		};
/* End PBXFrameworksBuildPhase section */

/* Begin PBXGroup section */
		44D889CC2A19630700C20336 = {
			isa = PBXGroup;
			children = (
				44D889D72A19630700C20336 /* SaryTask */,
				44D889EE2A19630900C20336 /* SaryTaskTests */,
				44D889F82A19630900C20336 /* SaryTaskUITests */,
				44D889D62A19630700C20336 /* Products */,
			);
			sourceTree = "<group>";
		};
		44D889D62A19630700C20336 /* Products */ = {
			isa = PBXGroup;
			children = (
				44D889D52A19630700C20336 /* SaryTask.app */,
				44D889EB2A19630900C20336 /* SaryTaskTests.xctest */,
				44D889F52A19630900C20336 /* SaryTaskUITests.xctest */,
			);
			name = Products;
			sourceTree = "<group>";
		};
		44D889D72A19630700C20336 /* SaryTask */ = {
			isa = PBXGroup;
			children = (
				44D889D82A19630700C20336 /* AppDelegate.swift */,
				44D889DC2A19630700C20336 /* ViewController.swift */,
				44D889DE2A19630700C20336 /* Main.storyboard */,
				44D889E12A19630900C20336 /* Assets.xcassets */,
				44D889E32A19630900C20336 /* LaunchScreen.storyboard */,
				44D889E62A19630900C20336 /* Info.plist */,
			);
			path = SaryTask;
			sourceTree = "<group>";
		};
		44D889EE2A19630900C20336 /* SaryTaskTests */ = {
			isa = PBXGroup;
			children = (
				44D889EF2A19630900C20336 /* SaryTaskTests.swift */,
			);
			path = SaryTaskTests;
			sourceTree = "<group>";
		};
		44D889F82A19630900C20336 /* SaryTaskUITests */ = {
			isa = PBXGroup;
			children = (
				44D889F92A19630900C20336 /* SaryTaskUITests.swift */,
				44D889FB2A19630900C20336 /* SaryTaskUITestsLaunchTests.swift */,
			);
			path = SaryTaskUITests;
			sourceTree = "<group>";
		};
/* End PBXGroup section */

/* Begin PBXNativeTarget section */
		44D889D42A19630700C20336 /* SaryTask */ = {
			isa = PBXNativeTarget;
			buildConfigurationList = 44D889FF2A19630900C20336 /* Build configuration list for PBXNativeTarget "SaryTask" */;
			buildPhases = (
				44D889D12A19630700C20336 /* Sources */,
				44D889D22A19630700C20336 /* Frameworks */,
				44D889D32A19630700C20336 /* Resources */,
			);
			buildRules = (
			);
			dependencies = (
			);
			name = SaryTask;
			productName = SaryTask;
			productReference = 44D889D52A19630700C20336 /* SaryTask.app */;
			productType = "com.apple.product-type.application";
		};
		44D889EA2A19630900C20336 /* SaryTaskTests */ = {
			isa = PBXNativeTarget;
			buildConfigurationList = 44D88A022A19630900C20336 /* Build configuration list for PBXNativeTarget "SaryTaskTests" */;
			buildPhases = (
				44D889E72A19630900C20336 /* Sources */,
				44D889E82A19630900C20336 /* Frameworks */,
				44D889E92A19630900C20336 /* Resources */,
			);
			buildRules = (
			);
			dependencies = (
				44D889ED2A19630900C20336 /* PBXTargetDependency */,
			);
			name = SaryTaskTests;
			productName = SaryTaskTests;
			productReference = 44D889EB2A19630900C20336 /* SaryTaskTests.xctest */;
			productType = "com.apple.product-type.bundle.unit-test";
		};
		44D889F42A19630900C20336 /* SaryTaskUITests */ = {
			isa = PBXNativeTarget;
			buildConfigurationList = 44D88A052A19630900C20336 /* Build configuration list for PBXNativeTarget "SaryTaskUITests" */;
			buildPhases = (
				44D889F12A19630900C20336 /* Sources */,
				44D889F22A19630900C20336 /* Frameworks */,
				44D889F32A19630900C20336 /* Resources */,
			);
			buildRules = (
			);
			dependencies = (
				44D889F72A19630900C20336 /* PBXTargetDependency */,
			);
			name = SaryTaskUITests;
			productName = SaryTaskUITests;
			productReference = 44D889F52A19630900C20336 /* SaryTaskUITests.xctest */;
			productType = "com.apple.product-type.bundle.ui-testing";
		};
/* End PBXNativeTarget section */

/* Begin PBXProject section */
		44D889CD2A19630700C20336 /* Project object */ = {
			isa = PBXProject;
			attributes = {
				BuildIndependentTargetsInParallel = 1;
				LastSwiftUpdateCheck = 1430;
				LastUpgradeCheck = 1430;
				TargetAttributes = {
					44D889D42A19630700C20336 = {
						CreatedOnToolsVersion = 14.3;
					};
					44D889EA2A19630900C20336 = {
						CreatedOnToolsVersion = 14.3;
						TestTargetID = 44D889D42A19630700C20336;
					};
					44D889F42A19630900C20336 = {
						CreatedOnToolsVersion = 14.3;
						TestTargetID = 44D889D42A19630700C20336;
					};
				};
			};
			buildConfigurationList = 44D889D02A19630700C20336 /* Build configuration list for PBXProject "SaryTask" */;
			compatibilityVersion = "Xcode 14.0";
			developmentRegion = en;
			hasScannedForEncodings = 0;
			knownRegions = (
				en,
				Base,
			);
			mainGroup = 44D889CC2A19630700C20336;
			productRefGroup = 44D889D62A19630700C20336 /* Products */;
			projectDirPath = "";
			projectRoot = "";
			targets = (
				44D889D42A19630700C20336 /* SaryTask */,
				44D889EA2A19630900C20336 /* SaryTaskTests */,
				44D889F42A19630900C20336 /* SaryTaskUITests */,
			);
		};
/* End PBXProject section */

/* Begin PBXResourcesBuildPhase section */
		44D889D32A19630700C20336 /* Resources */ = {
			isa = PBXResourcesBuildPhase;
			buildActionMask = 2147483647;
			files = (
				44D889E52A19630900C20336 /* LaunchScreen.storyboard in Resources */,
				44D889E22A19630900C20336 /* Assets.xcassets in Resources */,
				44D889E02A19630700C20336 /* Main.storyboard in Resources */,
			);
			runOnlyForDeploymentPostprocessing = 0;
		};
		44D889E92A19630900C20336 /* Resources */ = {
			isa = PBXResourcesBuildPhase;
			buildActionMask = 2147483647;
			files = (
			);
			runOnlyForDeploymentPostprocessing = 0;
		};
		44D889F32A19630900C20336 /* Resources */ = {
			isa = PBXResourcesBuildPhase;
			buildActionMask = 2147483647;
			files = (
			);
			runOnlyForDeploymentPostprocessing = 0;
		};
/* End PBXResourcesBuildPhase section */

/* Begin PBXSourcesBuildPhase section */
		44D889D12A19630700C20336 /* Sources */ = {
			isa = PBXSourcesBuildPhase;
			buildActionMask = 2147483647;
			files = (
				44D889DD2A19630700C20336 /* ViewController.swift in Sources */,
				44D889D92A19630700C20336 /* AppDelegate.swift in Sources */,
			);
			runOnlyForDeploymentPostprocessing = 0;
		};
		44D889E72A19630900C20336 /* Sources */ = {
			isa = PBXSourcesBuildPhase;
			buildActionMask = 2147483647;
			files = (
				44D889F02A19630900C20336 /* SaryTaskTests.swift in Sources */,
			);
			runOnlyForDeploymentPostprocessing = 0;
		};
		44D889F12A19630900C20336 /* Sources */ = {
			isa = PBXSourcesBuildPhase;
			buildActionMask = 2147483647;
			files = (
				44D889FC2A19630900C20336 /* SaryTaskUITestsLaunchTests.swift in Sources */,
				44D889FA2A19630900C20336 /* SaryTaskUITests.swift in Sources */,
			);
			runOnlyForDeploymentPostprocessing = 0;
		};
/* End PBXSourcesBuildPhase section */

/* Begin PBXTargetDependency section */
		44D889ED2A19630900C20336 /* PBXTargetDependency */ = {
			isa = PBXTargetDependency;
			target = 44D889D42A19630700C20336 /* SaryTask */;
			targetProxy = 44D889EC2A19630900C20336 /* PBXContainerItemProxy */;
		};
		44D889F72A19630900C20336 /* PBXTargetDependency */ = {
			isa = PBXTargetDependency;
			target = 44D889D42A19630700C20336 /* SaryTask */;
			targetProxy = 44D889F62A19630900C20336 /* PBXContainerItemProxy */;
		};
/* End PBXTargetDependency section */

/* Begin PBXVariantGroup section */
		44D889DE2A19630700C20336 /* Main.storyboard */ = {
			isa = PBXVariantGroup;
			children = (
				44D889DF2A19630700C20336 /* Base */,
			);
			name = Main.storyboard;
			sourceTree = "<group>";
		};
		44D889E32A19630900C20336 /* LaunchScreen.storyboard */ = {
			isa = PBXVariantGroup;
			children = (
				44D889E42A19630900C20336 /* Base */,
			);
			name = LaunchScreen.storyboard;
			sourceTree = "<group>";
		};
/* End PBXVariantGroup section */

/* Begin XCBuildConfiguration section */
		44D889FD2A19630900C20336 /* Debug */ = {
			isa = XCBuildConfiguration;
			buildSettings = {
				ALWAYS_SEARCH_USER_PATHS = NO;
				CLANG_ANALYZER_NONNULL = YES;
				CLANG_ANALYZER_NUMBER_OBJECT_CONVERSION = YES_AGGRESSIVE;
				CLANG_CXX_LANGUAGE_STANDARD = "gnu++20";
				CLANG_ENABLE_MODULES = YES;
				CLANG_ENABLE_OBJC_ARC = YES;
				CLANG_ENABLE_OBJC_WEAK = YES;
				CLANG_WARN_BLOCK_CAPTURE_AUTORELEASING = YES;
				CLANG_WARN_BOOL_CONVERSION = YES;
				CLANG_WARN_COMMA = YES;
				CLANG_WARN_CONSTANT_CONVERSION = YES;
				CLANG_WARN_DEPRECATED_OBJC_IMPLEMENTATIONS = YES;
				CLANG_WARN_DIRECT_OBJC_ISA_USAGE = YES_ERROR;
				CLANG_WARN_DOCUMENTATION_COMMENTS = YES;
				CLANG_WARN_EMPTY_BODY = YES;
				CLANG_WARN_ENUM_CONVERSION = YES;
				CLANG_WARN_INFINITE_RECURSION = YES;
				CLANG_WARN_INT_CONVERSION = YES;
				CLANG_WARN_NON_LITERAL_NULL_CONVERSION = YES;
				CLANG_WARN_OBJC_IMPLICIT_RETAIN_SELF = YES;
				CLANG_WARN_OBJC_LITERAL_CONVERSION = YES;
				CLANG_WARN_OBJC_ROOT_CLASS = YES_ERROR;
				CLANG_WARN_QUOTED_INCLUDE_IN_FRAMEWORK_HEADER = YES;
				CLANG_WARN_RANGE_LOOP_ANALYSIS = YES;
				CLANG_WARN_STRICT_PROTOTYPES = YES;
				CLANG_WARN_SUSPICIOUS_MOVE = YES;
				CLANG_WARN_UNGUARDED_AVAILABILITY = YES_AGGRESSIVE;
				CLANG_WARN_UNREACHABLE_CODE = YES;
				CLANG_WARN__DUPLICATE_METHOD_MATCH = YES;
				COPY_PHASE_STRIP = NO;
				DEBUG_INFORMATION_FORMAT = dwarf;
				ENABLE_STRICT_OBJC_MSGSEND = YES;
				ENABLE_TESTABILITY = YES;
				GCC_C_LANGUAGE_STANDARD = gnu11;
				GCC_DYNAMIC_NO_PIC = NO;
				GCC_NO_COMMON_BLOCKS = YES;
				GCC_OPTIMIZATION_LEVEL = 0;
				GCC_PREPROCESSOR_DEFINITIONS = (
					"DEBUG=1",
					"$(inherited)",
				);
				GCC_WARN_64_TO_32_BIT_CONVERSION = YES;
				GCC_WARN_ABOUT_RETURN_TYPE = YES_ERROR;
				GCC_WARN_UNDECLARED_SELECTOR = YES;
				GCC_WARN_UNINITIALIZED_AUTOS = YES_AGGRESSIVE;
				GCC_WARN_UNUSED_FUNCTION = YES;
				GCC_WARN_UNUSED_VARIABLE = YES;
				IPHONEOS_DEPLOYMENT_TARGET = 16.4;
				MTL_ENABLE_DEBUG_INFO = INCLUDE_SOURCE;
				MTL_FAST_MATH = YES;
				ONLY_ACTIVE_ARCH = YES;
				SDKROOT = iphoneos;
				SWIFT_ACTIVE_COMPILATION_CONDITIONS = DEBUG;
				SWIFT_OPTIMIZATION_LEVEL = "-Onone";
			};
			name = Debug;
		};
		44D889FE2A19630900C20336 /* Release */ = {
			isa = XCBuildConfiguration;
			buildSettings = {
				ALWAYS_SEARCH_USER_PATHS = NO;
				CLANG_ANALYZER_NONNULL = YES;
				CLANG_ANALYZER_NUMBER_OBJECT_CONVERSION = YES_AGGRESSIVE;
				CLANG_CXX_LANGUAGE_STANDARD = "gnu++20";
				CLANG_ENABLE_MODULES = YES;
				CLANG_ENABLE_OBJC_ARC = YES;
				CLANG_ENABLE_OBJC_WEAK = YES;
				CLANG_WARN_BLOCK_CAPTURE_AUTORELEASING = YES;
				CLANG_WARN_BOOL_CONVERSION = YES;
				CLANG_WARN_COMMA = YES;
				CLANG_WARN_CONSTANT_CONVERSION = YES;
				CLANG_WARN_DEPRECATED_OBJC_IMPLEMENTATIONS = YES;
				CLANG_WARN_DIRECT_OBJC_ISA_USAGE = YES_ERROR;
				CLANG_WARN_DOCUMENTATION_COMMENTS = YES;
				CLANG_WARN_EMPTY_BODY = YES;
				CLANG_WARN_ENUM_CONVERSION = YES;
				CLANG_WARN_INFINITE_RECURSION = YES;
				CLANG_WARN_INT_CONVERSION = YES;
				CLANG_WARN_NON_LITERAL_NULL_CONVERSION = YES;
				CLANG_WARN_OBJC_IMPLICIT_RETAIN_SELF = YES;
				CLANG_WARN_OBJC_LITERAL_CONVERSION = YES;
				CLANG_WARN_OBJC_ROOT_CLASS = YES_ERROR;
				CLANG_WARN_QUOTED_INCLUDE_IN_FRAMEWORK_HEADER = YES;
				CLANG_WARN_RANGE_LOOP_ANALYSIS = YES;
				CLANG_WARN_STRICT_PROTOTYPES = YES;
				CLANG_WARN_SUSPICIOUS_MOVE = YES;
				CLANG_WARN_UNGUARDED_AVAILABILITY = YES_AGGRESSIVE;
				CLANG_WARN_UNREACHABLE_CODE = YES;
				CLANG_WARN__DUPLICATE_METHOD_MATCH = YES;
				COPY_PHASE_STRIP = NO;
				DEBUG_INFORMATION_FORMAT = "dwarf-with-dsym";
				ENABLE_NS_ASSERTIONS = NO;
				ENABLE_STRICT_OBJC_MSGSEND = YES;
				GCC_C_LANGUAGE_STANDARD = gnu11;
				GCC_NO_COMMON_BLOCKS = YES;
				GCC_WARN_64_TO_32_BIT_CONVERSION = YES;
				GCC_WARN_ABOUT_RETURN_TYPE = YES_ERROR;
				GCC_WARN_UNDECLARED_SELECTOR = YES;
				GCC_WARN_UNINITIALIZED_AUTOS = YES_AGGRESSIVE;
				GCC_WARN_UNUSED_FUNCTION = YES;
				GCC_WARN_UNUSED_VARIABLE = YES;
				IPHONEOS_DEPLOYMENT_TARGET = 16.4;
				MTL_ENABLE_DEBUG_INFO = NO;
				MTL_FAST_MATH = YES;
				SDKROOT = iphoneos;
				SWIFT_COMPILATION_MODE = wholemodule;
				SWIFT_OPTIMIZATION_LEVEL = "-O";
				VALIDATE_PRODUCT = YES;
			};
			name = Release;
		};
		44D88A002A19630900C20336 /* Debug */ = {
			isa = XCBuildConfiguration;
			buildSettings = {
				ASSETCATALOG_COMPILER_APPICON_NAME = AppIcon;
				ASSETCATALOG_COMPILER_GLOBAL_ACCENT_COLOR_NAME = AccentColor;
				CODE_SIGN_STYLE = Automatic;
				CURRENT_PROJECT_VERSION = 1;
				DEVELOPMENT_TEAM = LMUYVB3973;
				GENERATE_INFOPLIST_FILE = YES;
				INFOPLIST_FILE = SaryTask/Info.plist;
				INFOPLIST_KEY_UIApplicationSupportsIndirectInputEvents = YES;
				INFOPLIST_KEY_UILaunchStoryboardName = LaunchScreen;
				INFOPLIST_KEY_UIMainStoryboardFile = Main;
				INFOPLIST_KEY_UISupportedInterfaceOrientations_iPad = "UIInterfaceOrientationPortrait UIInterfaceOrientationPortraitUpsideDown UIInterfaceOrientationLandscapeLeft UIInterfaceOrientationLandscapeRight";
				INFOPLIST_KEY_UISupportedInterfaceOrientations_iPhone = "UIInterfaceOrientationPortrait UIInterfaceOrientationLandscapeLeft UIInterfaceOrientationLandscapeRight";
				IPHONEOS_DEPLOYMENT_TARGET = 11.0;
				LD_RUNPATH_SEARCH_PATHS = (
					"$(inherited)",
					"@executable_path/Frameworks",
				);
				MARKETING_VERSION = 1.0;
				PRODUCT_BUNDLE_IDENTIFIER = Sary.SaryTask;
				PRODUCT_NAME = "$(TARGET_NAME)";
				SWIFT_EMIT_LOC_STRINGS = YES;
				SWIFT_VERSION = 5.0;
				TARGETED_DEVICE_FAMILY = "1,2";
			};
			name = Debug;
		};
		44D88A012A19630900C20336 /* Release */ = {
			isa = XCBuildConfiguration;
			buildSettings = {
				ASSETCATALOG_COMPILER_APPICON_NAME = AppIcon;
				ASSETCATALOG_COMPILER_GLOBAL_ACCENT_COLOR_NAME = AccentColor;
				CODE_SIGN_STYLE = Automatic;
				CURRENT_PROJECT_VERSION = 1;
				DEVELOPMENT_TEAM = LMUYVB3973;
				GENERATE_INFOPLIST_FILE = YES;
				INFOPLIST_FILE = SaryTask/Info.plist;
				INFOPLIST_KEY_UIApplicationSupportsIndirectInputEvents = YES;
				INFOPLIST_KEY_UILaunchStoryboardName = LaunchScreen;
				INFOPLIST_KEY_UIMainStoryboardFile = Main;
				INFOPLIST_KEY_UISupportedInterfaceOrientations_iPad = "UIInterfaceOrientationPortrait UIInterfaceOrientationPortraitUpsideDown UIInterfaceOrientationLandscapeLeft UIInterfaceOrientationLandscapeRight";
				INFOPLIST_KEY_UISupportedInterfaceOrientations_iPhone = "UIInterfaceOrientationPortrait UIInterfaceOrientationLandscapeLeft UIInterfaceOrientationLandscapeRight";
				IPHONEOS_DEPLOYMENT_TARGET = 11.0;
				LD_RUNPATH_SEARCH_PATHS = (
					"$(inherited)",
					"@executable_path/Frameworks",
				);
				MARKETING_VERSION = 1.0;
				PRODUCT_BUNDLE_IDENTIFIER = Sary.SaryTask;
				PRODUCT_NAME = "$(TARGET_NAME)";
				SWIFT_EMIT_LOC_STRINGS = YES;
				SWIFT_VERSION = 5.0;
				TARGETED_DEVICE_FAMILY = "1,2";
			};
			name = Release;
		};
		44D88A032A19630900C20336 /* Debug */ = {
			isa = XCBuildConfiguration;
			buildSettings = {
				ALWAYS_EMBED_SWIFT_STANDARD_LIBRARIES = YES;
				BUNDLE_LOADER = "$(TEST_HOST)";
				CODE_SIGN_STYLE = Automatic;
				CURRENT_PROJECT_VERSION = 1;
				DEVELOPMENT_TEAM = LMUYVB3973;
				GENERATE_INFOPLIST_FILE = YES;
				IPHONEOS_DEPLOYMENT_TARGET = 16.4;
				MARKETING_VERSION = 1.0;
				PRODUCT_BUNDLE_IDENTIFIER = Sary.SaryTaskTests;
				PRODUCT_NAME = "$(TARGET_NAME)";
				SWIFT_EMIT_LOC_STRINGS = NO;
				SWIFT_VERSION = 5.0;
				TARGETED_DEVICE_FAMILY = "1,2";
				TEST_HOST = "$(BUILT_PRODUCTS_DIR)/SaryTask.app/$(BUNDLE_EXECUTABLE_FOLDER_PATH)/SaryTask";
			};
			name = Debug;
		};
		44D88A042A19630900C20336 /* Release */ = {
			isa = XCBuildConfiguration;
			buildSettings = {
				ALWAYS_EMBED_SWIFT_STANDARD_LIBRARIES = YES;
				BUNDLE_LOADER = "$(TEST_HOST)";
				CODE_SIGN_STYLE = Automatic;
				CURRENT_PROJECT_VERSION = 1;
				DEVELOPMENT_TEAM = LMUYVB3973;
				GENERATE_INFOPLIST_FILE = YES;
				IPHONEOS_DEPLOYMENT_TARGET = 16.4;
				MARKETING_VERSION = 1.0;
				PRODUCT_BUNDLE_IDENTIFIER = Sary.SaryTaskTests;
				PRODUCT_NAME = "$(TARGET_NAME)";
				SWIFT_EMIT_LOC_STRINGS = NO;
				SWIFT_VERSION = 5.0;
				TARGETED_DEVICE_FAMILY = "1,2";
				TEST_HOST = "$(BUILT_PRODUCTS_DIR)/SaryTask.app/$(BUNDLE_EXECUTABLE_FOLDER_PATH)/SaryTask";
			};
			name = Release;
		};
		44D88A062A19630900C20336 /* Debug */ = {
			isa = XCBuildConfiguration;
			buildSettings = {
				ALWAYS_EMBED_SWIFT_STANDARD_LIBRARIES = YES;
				CODE_SIGN_STYLE = Automatic;
				CURRENT_PROJECT_VERSION = 1;
				DEVELOPMENT_TEAM = LMUYVB3973;
				GENERATE_INFOPLIST_FILE = YES;
				MARKETING_VERSION = 1.0;
				PRODUCT_BUNDLE_IDENTIFIER = Sary.SaryTaskUITests;
				PRODUCT_NAME = "$(TARGET_NAME)";
				SWIFT_EMIT_LOC_STRINGS = NO;
				SWIFT_VERSION = 5.0;
				TARGETED_DEVICE_FAMILY = "1,2";
				TEST_TARGET_NAME = SaryTask;
			};
			name = Debug;
		};
		44D88A072A19630900C20336 /* Release */ = {
			isa = XCBuildConfiguration;
			buildSettings = {
				ALWAYS_EMBED_SWIFT_STANDARD_LIBRARIES = YES;
				CODE_SIGN_STYLE = Automatic;
				CURRENT_PROJECT_VERSION = 1;
				DEVELOPMENT_TEAM = LMUYVB3973;
				GENERATE_INFOPLIST_FILE = YES;
				MARKETING_VERSION = 1.0;
				PRODUCT_BUNDLE_IDENTIFIER = Sary.SaryTaskUITests;
				PRODUCT_NAME = "$(TARGET_NAME)";
				SWIFT_EMIT_LOC_STRINGS = NO;
				SWIFT_VERSION = 5.0;
				TARGETED_DEVICE_FAMILY = "1,2";
				TEST_TARGET_NAME = SaryTask;
			};
			name = Release;
		};
/* End XCBuildConfiguration section */

/* Begin XCConfigurationList section */
		44D889D02A19630700C20336 /* Build configuration list for PBXProject "SaryTask" */ = {
			isa = XCConfigurationList;
			buildConfigurations = (
				44D889FD2A19630900C20336 /* Debug */,
				44D889FE2A19630900C20336 /* Release */,
			);
			defaultConfigurationIsVisible = 0;
			defaultConfigurationName = Release;
		};
		44D889FF2A19630900C20336 /* Build configuration list for PBXNativeTarget "SaryTask" */ = {
			isa = XCConfigurationList;
			buildConfigurations = (
				44D88A002A19630900C20336 /* Debug */,
				44D88A012A19630900C20336 /* Release */,
			);
			defaultConfigurationIsVisible = 0;
			defaultConfigurationName = Release;
		};
		44D88A022A19630900C20336 /* Build configuration list for PBXNativeTarget "SaryTaskTests" */ = {
			isa = XCConfigurationList;
			buildConfigurations = (
				44D88A032A19630900C20336 /* Debug */,
				44D88A042A19630900C20336 /* Release */,
			);
			defaultConfigurationIsVisible = 0;
			defaultConfigurationName = Release;
		};
		44D88A052A19630900C20336 /* Build configuration list for PBXNativeTarget "SaryTaskUITests" */ = {
			isa = XCConfigurationList;
			buildConfigurations = (
				44D88A062A19630900C20336 /* Debug */,
				44D88A072A19630900C20336 /* Release */,
			);
			defaultConfigurationIsVisible = 0;
			defaultConfigurationName = Release;
		};
/* End XCConfigurationList section */
	};
	rootObject = 44D889CD2A19630700C20336 /* Project object */;
}
